name: Update flake.lock

on:
  workflow_dispatch:
  schedule:
    - cron: "0 3 * * 0"

permissions:
  contents: write
  pull-requests: write

jobs:
  update-flake-lock:
    runs-on: ubuntu-latest
    steps:
      - name: Checkout repository
        uses: actions/checkout@v6

      - name: Install Determinate Nix
        uses: cachix/install-nix-action@v31

      - name: Update flake.lock
        uses: DeterminateSystems/update-flake-lock@main
        with:
          pr-title: "chore: update flake.lock"
